
Microsoft Visual Studio Solution File, Format Version 12.00
# Visual Studio 15
VisualStudioVersion = 15.0.28307.136
MinimumVisualStudioVersion = 10.0.40219.1
Project("{FAE04EC0-301F-11D3-BF4B-00C04F79EFBC}") = "TNP", "TNP\TNP.csproj", "{F13CE635-010E-471B-B99E-045A4BBFD24B}"
EndProject
Global
	GlobalSection(SolutionConfigurationPlatforms) = preSolution
		Debug|Any CPU = Debug|Any CPU
		Release|Any CPU = Release|Any CPU
	EndGlobalSection
	GlobalSection(ProjectConfigurationPlatforms) = postSolution
		{F13CE635-010E-471B-B99E-045A4BBFD24B}.Debug|Any CPU.ActiveCfg = Debug|Any CPU
		{F13CE635-010E-471B-B99E-045A4BBFD24B}.Debug|Any CPU.Build.0 = Debug|Any CPU
		{F13CE635-010E-471B-B99E-045A4BBFD24B}.Release|Any CPU.ActiveCfg = Release|Any CPU
		{F13CE635-010E-471B-B99E-045A4BBFD24B}.Release|Any CPU.Build.0 = Release|Any CPU
	EndGlobalSection
	GlobalSection(SolutionProperties) = preSolution
		HideSolutionNode = FALSE
	EndGlobalSection
	GlobalSection(ExtensibilityGlobals) = postSolution
		SolutionGuid = {98B2538D-E992-4EF2-B73B-B55C2305B94C}
	EndGlobalSection
EndGlobal
